
Microsoft Visual Studio Solution File, Format Version 12.00
# Visual Studio Version 16
VisualStudioVersion = 16.0.29609.76
MinimumVisualStudioVersion = 10.0.40219.1
Project("{9A19103F-16F7-4668-BE54-9A1E7A4F7556}") = "ForumScript", "ForumScript.csproj", "{23B52085-22CB-43D3-81DE-37CB8CD4ACEE}"
EndProject
Global
	GlobalSection(SolutionConfigurationPlatforms) = preSolution
		Debug|Any CPU = Debug|Any CPU
		Release|Any CPU = Release|Any CPU
	EndGlobalSection
	GlobalSection(ProjectConfigurationPlatforms) = postSolution
		{23B52085-22CB-43D3-81DE-37CB8CD4ACEE}.Debug|Any CPU.ActiveCfg = Debug|Any CPU
		{23B52085-22CB-43D3-81DE-37CB8CD4ACEE}.Debug|Any CPU.Build.0 = Debug|Any CPU
		{23B52085-22CB-43D3-81DE-37CB8CD4ACEE}.Release|Any CPU.ActiveCfg = Release|Any CPU
		{23B52085-22CB-43D3-81DE-37CB8CD4ACEE}.Release|Any CPU.Build.0 = Release|Any CPU
	EndGlobalSection
	GlobalSection(SolutionProperties) = preSolution
		HideSolutionNode = FALSE
	EndGlobalSection
	GlobalSection(ExtensibilityGlobals) = postSolution
		SolutionGuid = {3C71148E-9604-46CC-BA9E-8F644D0F667B}
	EndGlobalSection
EndGlobal
